
Microsoft Visual Studio Solution File, Format Version 12.00
# Visual Studio Version 17
VisualStudioVersion = 17.0.32126.317
MinimumVisualStudioVersion = 10.0.40219.1
Project("{FAE04EC0-301F-11D3-BF4B-00C04F79EFBC}") = "KafkaProducer", "KafkaProducer\KafkaProducer.csproj", "{BA2C6CCF-6293-4D3A-A3BD-4A3EA129AC14}"
EndProject
Project("{FAE04EC0-301F-11D3-BF4B-00C04F79EFBC}") = "KafkaConsumer", "KafkaConsumer\KafkaConsumer.csproj", "{59EB0C90-1C3C-4903-A403-0023B1B7342B}"
EndProject
Project("{2150E333-8FDC-42A3-9474-1A3956D46DE8}") = "1. Producer", "1. Producer", "{6F95DC01-863F-47DF-809E-FBC8C44D005B}"
EndProject
Project("{2150E333-8FDC-42A3-9474-1A3956D46DE8}") = "2. Consumer", "2. Consumer", "{0CE45FB8-44AF-476B-BCA3-3531FBE380E0}"
EndProject
Global
	GlobalSection(SolutionConfigurationPlatforms) = preSolution
		Debug|Any CPU = Debug|Any CPU
		Release|Any CPU = Release|Any CPU
	EndGlobalSection
	GlobalSection(ProjectConfigurationPlatforms) = postSolution
		{BA2C6CCF-6293-4D3A-A3BD-4A3EA129AC14}.Debug|Any CPU.ActiveCfg = Debug|Any CPU
		{BA2C6CCF-6293-4D3A-A3BD-4A3EA129AC14}.Debug|Any CPU.Build.0 = Debug|Any CPU
		{BA2C6CCF-6293-4D3A-A3BD-4A3EA129AC14}.Release|Any CPU.ActiveCfg = Release|Any CPU
		{BA2C6CCF-6293-4D3A-A3BD-4A3EA129AC14}.Release|Any CPU.Build.0 = Release|Any CPU
		{59EB0C90-1C3C-4903-A403-0023B1B7342B}.Debug|Any CPU.ActiveCfg = Debug|Any CPU
		{59EB0C90-1C3C-4903-A403-0023B1B7342B}.Debug|Any CPU.Build.0 = Debug|Any CPU
		{59EB0C90-1C3C-4903-A403-0023B1B7342B}.Release|Any CPU.ActiveCfg = Release|Any CPU
		{59EB0C90-1C3C-4903-A403-0023B1B7342B}.Release|Any CPU.Build.0 = Release|Any CPU
	EndGlobalSection
	GlobalSection(SolutionProperties) = preSolution
		HideSolutionNode = FALSE
	EndGlobalSection
	GlobalSection(NestedProjects) = preSolution
		{BA2C6CCF-6293-4D3A-A3BD-4A3EA129AC14} = {6F95DC01-863F-47DF-809E-FBC8C44D005B}
		{59EB0C90-1C3C-4903-A403-0023B1B7342B} = {0CE45FB8-44AF-476B-BCA3-3531FBE380E0}
	EndGlobalSection
	GlobalSection(ExtensibilityGlobals) = postSolution
		SolutionGuid = {4B77A81B-DE7B-4C6F-8DD2-4118D39C84A3}
	EndGlobalSection
EndGlobal
